
Microsoft Visual Studio Solution File, Format Version 12.00
# Visual Studio Version 17
VisualStudioVersion = 17.11.35222.181
MinimumVisualStudioVersion = 10.0.40219.1
Project("{9A19103F-16F7-4668-BE54-9A1E7A4F7556}") = "Compiler", "Compiler.csproj", "{D06D6E16-FB1F-4F7A-B21B-1C8F5ED3A48A}"
EndProject
Global
	GlobalSection(SolutionConfigurationPlatforms) = preSolution
		Debug|Any CPU = Debug|Any CPU
		Release|Any CPU = Release|Any CPU
	EndGlobalSection
	GlobalSection(ProjectConfigurationPlatforms) = postSolution
		{D06D6E16-FB1F-4F7A-B21B-1C8F5ED3A48A}.Debug|Any CPU.ActiveCfg = Debug|Any CPU
		{D06D6E16-FB1F-4F7A-B21B-1C8F5ED3A48A}.Debug|Any CPU.Build.0 = Debug|Any CPU
		{D06D6E16-FB1F-4F7A-B21B-1C8F5ED3A48A}.Release|Any CPU.ActiveCfg = Release|Any CPU
		{D06D6E16-FB1F-4F7A-B21B-1C8F5ED3A48A}.Release|Any CPU.Build.0 = Release|Any CPU
	EndGlobalSection
	GlobalSection(SolutionProperties) = preSolution
		HideSolutionNode = FALSE
	EndGlobalSection
	GlobalSection(ExtensibilityGlobals) = postSolution
		SolutionGuid = {23097C70-0F46-44C3-9200-88E04970599E}
	EndGlobalSection
EndGlobal
